
Microsoft Visual Studio Solution File, Format Version 12.00
# Visual Studio Version 17
VisualStudioVersion = 17.9.34701.34
MinimumVisualStudioVersion = 10.0.40219.1
Project("{9A19103F-16F7-4668-BE54-9A1E7A4F7556}") = "SharpGUI", "SharpGUI\SharpGUI.csproj", "{042C532A-173D-4FE0-B6A8-3CE288DA2BD0}"
EndProject
Project("{8BC9CEB8-8B4A-11D0-8D11-00A0C91BC942}") = "SharpGUINative", "SharpGUINative\SharpGUINative.vcxproj", "{BF53F428-2EDC-40A7-AC46-77135035E794}"
EndProject
Project("{9A19103F-16F7-4668-BE54-9A1E7A4F7556}") = "TestSharp", "TestSharp\TestSharp.csproj", "{90A2F077-48E4-40CB-830B-2444B61B4370}"
EndProject
Project("{9A19103F-16F7-4668-BE54-9A1E7A4F7556}") = "SharpGUI BepInEx Plugin", "SharpGUI BepInEx Plugin\SharpGUI BepInEx Plugin.csproj", "{050F11B0-1E5E-409A-95A3-22DB3C8C4A03}"
EndProject
Project("{2150E333-8FDC-42A3-9474-1A3956D46DE8}") = "Solution Items", "Solution Items", "{62A3E7A7-07B9-42F8-B23E-EEDB41FB1F8E}"
	ProjectSection(SolutionItems) = preProject
		README.md = README.md
	EndProjectSection
EndProject
Global
	GlobalSection(SolutionConfigurationPlatforms) = preSolution
		Debug|Any CPU = Debug|Any CPU
		Debug|ARM64 = Debug|ARM64
		Debug|x64 = Debug|x64
		Debug|x86 = Debug|x86
		Release|Any CPU = Release|Any CPU
		Release|ARM64 = Release|ARM64
		Release|x64 = Release|x64
		Release|x86 = Release|x86
	EndGlobalSection
	GlobalSection(ProjectConfigurationPlatforms) = postSolution
		{042C532A-173D-4FE0-B6A8-3CE288DA2BD0}.Debug|Any CPU.ActiveCfg = Debug|Any CPU
		{042C532A-173D-4FE0-B6A8-3CE288DA2BD0}.Debug|Any CPU.Build.0 = Debug|Any CPU
		{042C532A-173D-4FE0-B6A8-3CE288DA2BD0}.Debug|ARM64.ActiveCfg = Debug|Any CPU
		{042C532A-173D-4FE0-B6A8-3CE288DA2BD0}.Debug|ARM64.Build.0 = Debug|Any CPU
		{042C532A-173D-4FE0-B6A8-3CE288DA2BD0}.Debug|x64.ActiveCfg = Debug|Any CPU
		{042C532A-173D-4FE0-B6A8-3CE288DA2BD0}.Debug|x64.Build.0 = Debug|Any CPU
		{042C532A-173D-4FE0-B6A8-3CE288DA2BD0}.Debug|x86.ActiveCfg = Debug|Any CPU
		{042C532A-173D-4FE0-B6A8-3CE288DA2BD0}.Debug|x86.Build.0 = Debug|Any CPU
		{042C532A-173D-4FE0-B6A8-3CE288DA2BD0}.Release|Any CPU.ActiveCfg = Release|Any CPU
		{042C532A-173D-4FE0-B6A8-3CE288DA2BD0}.Release|Any CPU.Build.0 = Release|Any CPU
		{042C532A-173D-4FE0-B6A8-3CE288DA2BD0}.Release|ARM64.ActiveCfg = Release|Any CPU
		{042C532A-173D-4FE0-B6A8-3CE288DA2BD0}.Release|ARM64.Build.0 = Release|Any CPU
		{042C532A-173D-4FE0-B6A8-3CE288DA2BD0}.Release|x64.ActiveCfg = Release|Any CPU
		{042C532A-173D-4FE0-B6A8-3CE288DA2BD0}.Release|x64.Build.0 = Release|Any CPU
		{042C532A-173D-4FE0-B6A8-3CE288DA2BD0}.Release|x86.ActiveCfg = Release|Any CPU
		{042C532A-173D-4FE0-B6A8-3CE288DA2BD0}.Release|x86.Build.0 = Release|Any CPU
		{BF53F428-2EDC-40A7-AC46-77135035E794}.Debug|Any CPU.ActiveCfg = Debug|x64
		{BF53F428-2EDC-40A7-AC46-77135035E794}.Debug|Any CPU.Build.0 = Debug|x64
		{BF53F428-2EDC-40A7-AC46-77135035E794}.Debug|ARM64.ActiveCfg = Debug|x64
		{BF53F428-2EDC-40A7-AC46-77135035E794}.Debug|ARM64.Build.0 = Debug|x64
		{BF53F428-2EDC-40A7-AC46-77135035E794}.Debug|x64.ActiveCfg = Debug|x64
		{BF53F428-2EDC-40A7-AC46-77135035E794}.Debug|x64.Build.0 = Debug|x64
		{BF53F428-2EDC-40A7-AC46-77135035E794}.Debug|x86.ActiveCfg = Debug|Win32
		{BF53F428-2EDC-40A7-AC46-77135035E794}.Debug|x86.Build.0 = Debug|Win32
		{BF53F428-2EDC-40A7-AC46-77135035E794}.Release|Any CPU.ActiveCfg = Release|x64
		{BF53F428-2EDC-40A7-AC46-77135035E794}.Release|Any CPU.Build.0 = Release|x64
		{BF53F428-2EDC-40A7-AC46-77135035E794}.Release|ARM64.ActiveCfg = Release|x64
		{BF53F428-2EDC-40A7-AC46-77135035E794}.Release|ARM64.Build.0 = Release|x64
		{BF53F428-2EDC-40A7-AC46-77135035E794}.Release|x64.ActiveCfg = Release|x64
		{BF53F428-2EDC-40A7-AC46-77135035E794}.Release|x64.Build.0 = Release|x64
		{BF53F428-2EDC-40A7-AC46-77135035E794}.Release|x86.ActiveCfg = Release|Win32
		{BF53F428-2EDC-40A7-AC46-77135035E794}.Release|x86.Build.0 = Release|Win32
		{90A2F077-48E4-40CB-830B-2444B61B4370}.Debug|Any CPU.ActiveCfg = Debug|Any CPU
		{90A2F077-48E4-40CB-830B-2444B61B4370}.Debug|Any CPU.Build.0 = Debug|Any CPU
		{90A2F077-48E4-40CB-830B-2444B61B4370}.Debug|ARM64.ActiveCfg = Debug|Any CPU
		{90A2F077-48E4-40CB-830B-2444B61B4370}.Debug|ARM64.Build.0 = Debug|Any CPU
		{90A2F077-48E4-40CB-830B-2444B61B4370}.Debug|x64.ActiveCfg = Debug|Any CPU
		{90A2F077-48E4-40CB-830B-2444B61B4370}.Debug|x64.Build.0 = Debug|Any CPU
		{90A2F077-48E4-40CB-830B-2444B61B4370}.Debug|x86.ActiveCfg = Debug|Any CPU
		{90A2F077-48E4-40CB-830B-2444B61B4370}.Debug|x86.Build.0 = Debug|Any CPU
		{90A2F077-48E4-40CB-830B-2444B61B4370}.Release|Any CPU.ActiveCfg = Release|Any CPU
		{90A2F077-48E4-40CB-830B-2444B61B4370}.Release|Any CPU.Build.0 = Release|Any CPU
		{90A2F077-48E4-40CB-830B-2444B61B4370}.Release|ARM64.ActiveCfg = Release|Any CPU
		{90A2F077-48E4-40CB-830B-2444B61B4370}.Release|ARM64.Build.0 = Release|Any CPU
		{90A2F077-48E4-40CB-830B-2444B61B4370}.Release|x64.ActiveCfg = Release|Any CPU
		{90A2F077-48E4-40CB-830B-2444B61B4370}.Release|x64.Build.0 = Release|Any CPU
		{90A2F077-48E4-40CB-830B-2444B61B4370}.Release|x86.ActiveCfg = Release|Any CPU
		{90A2F077-48E4-40CB-830B-2444B61B4370}.Release|x86.Build.0 = Release|Any CPU
		{050F11B0-1E5E-409A-95A3-22DB3C8C4A03}.Debug|Any CPU.ActiveCfg = Debug|Any CPU
		{050F11B0-1E5E-409A-95A3-22DB3C8C4A03}.Debug|Any CPU.Build.0 = Debug|Any CPU
		{050F11B0-1E5E-409A-95A3-22DB3C8C4A03}.Debug|ARM64.ActiveCfg = Debug|Any CPU
		{050F11B0-1E5E-409A-95A3-22DB3C8C4A03}.Debug|ARM64.Build.0 = Debug|Any CPU
		{050F11B0-1E5E-409A-95A3-22DB3C8C4A03}.Debug|x64.ActiveCfg = Debug|Any CPU
		{050F11B0-1E5E-409A-95A3-22DB3C8C4A03}.Debug|x64.Build.0 = Debug|Any CPU
		{050F11B0-1E5E-409A-95A3-22DB3C8C4A03}.Debug|x86.ActiveCfg = Debug|Any CPU
		{050F11B0-1E5E-409A-95A3-22DB3C8C4A03}.Debug|x86.Build.0 = Debug|Any CPU
		{050F11B0-1E5E-409A-95A3-22DB3C8C4A03}.Release|Any CPU.ActiveCfg = Release|Any CPU
		{050F11B0-1E5E-409A-95A3-22DB3C8C4A03}.Release|Any CPU.Build.0 = Release|Any CPU
		{050F11B0-1E5E-409A-95A3-22DB3C8C4A03}.Release|ARM64.ActiveCfg = Release|Any CPU
		{050F11B0-1E5E-409A-95A3-22DB3C8C4A03}.Release|ARM64.Build.0 = Release|Any CPU
		{050F11B0-1E5E-409A-95A3-22DB3C8C4A03}.Release|x64.ActiveCfg = Release|Any CPU
		{050F11B0-1E5E-409A-95A3-22DB3C8C4A03}.Release|x64.Build.0 = Release|Any CPU
		{050F11B0-1E5E-409A-95A3-22DB3C8C4A03}.Release|x86.ActiveCfg = Release|Any CPU
		{050F11B0-1E5E-409A-95A3-22DB3C8C4A03}.Release|x86.Build.0 = Release|Any CPU
	EndGlobalSection
	GlobalSection(SolutionProperties) = preSolution
		HideSolutionNode = FALSE
	EndGlobalSection
	GlobalSection(ExtensibilityGlobals) = postSolution
		SolutionGuid = {5712EA17-3920-401F-A6E5-090BF29F277F}
	EndGlobalSection
EndGlobal
